{
  "name": "email-management",
  "version": "1.0.0",
  "lockfileVersion": 3,
  "requires": true,
  "packages": {
    "": {
      "name": "email-management",
      "version": "1.0.0",
      "dependencies": {
        "@lexical/code": "^0.33.0",
        "@lexical/html": "^0.33.0",
        "@lexical/link": "^0.33.0",
        "@lexical/list": "^0.33.0",
        "@lexical/react": "^0.33.0",
        "@lexical/rich-text": "^0.33.0",
        "@lexical/table": "^0.33.0",
        "lexical": "^0.33.0",
        "react-router-dom": "^6.22.3"
      }
    },
    "node_modules/@babel/runtime": {
      "version": "7.27.6",
      "resolved": "https://registry.npmjs.org/@babel/runtime/-/runtime-7.27.6.tgz",
      "integrity": "sha512-vbavdySgbTTrmFE+EsiqUTzlOr5bzlnJtUv9PynGCAKvfQqjIXbvFdumPM/GxMDfyuGMJaJAU6TO4zc1Jf1i8Q==",
      "license": "MIT",
      "engines": {
        "node": ">=6.9.0"
      }
    },
    "node_modules/@floating-ui/core": {
      "version": "1.7.2",
      "resolved": "https://registry.npmjs.org/@floating-ui/core/-/core-1.7.2.tgz",
      "integrity": "sha512-wNB5ooIKHQc+Kui96jE/n69rHFWAVoxn5CAzL1Xdd8FG03cgY3MLO+GF9U3W737fYDSgPWA6MReKhBQBop6Pcw==",
      "license": "MIT",
      "dependencies": {
        "@floating-ui/utils": "^0.2.10"
      }
    },
    "node_modules/@floating-ui/dom": {
      "version": "1.7.2",
      "resolved": "https://registry.npmjs.org/@floating-ui/dom/-/dom-1.7.2.tgz",
      "integrity": "sha512-7cfaOQuCS27HD7DX+6ib2OrnW+b4ZBwDNnCcT0uTyidcmyWb03FnQqJybDBoCnpdxwBSfA94UAYlRCt7mV+TbA==",
      "license": "MIT",
      "dependencies": {
        "@floating-ui/core": "^1.7.2",
        "@floating-ui/utils": "^0.2.10"
      }
    },
    "node_modules/@floating-ui/react": {
      "version": "0.27.13",
      "resolved": "https://registry.npmjs.org/@floating-ui/react/-/react-0.27.13.tgz",
      "integrity": "sha512-Qmj6t9TjgWAvbygNEu1hj4dbHI9CY0ziCMIJrmYoDIn9TUAH5lRmiIeZmRd4c6QEZkzdoH7jNnoNyoY1AIESiA==",
      "license": "MIT",
      "dependencies": {
        "@floating-ui/react-dom": "^2.1.4",
        "@floating-ui/utils": "^0.2.10",
        "tabbable": "^6.0.0"
      },
      "peerDependencies": {
        "react": ">=17.0.0",
        "react-dom": ">=17.0.0"
      }
    },
    "node_modules/@floating-ui/react-dom": {
      "version": "2.1.4",
      "resolved": "https://registry.npmjs.org/@floating-ui/react-dom/-/react-dom-2.1.4.tgz",
      "integrity": "sha512-JbbpPhp38UmXDDAu60RJmbeme37Jbgsm7NrHGgzYYFKmblzRUh6Pa641dII6LsjwF4XlScDrde2UAzDo/b9KPw==",
      "license": "MIT",
      "dependencies": {
        "@floating-ui/dom": "^1.7.2"
      },
      "peerDependencies": {
        "react": ">=16.8.0",
        "react-dom": ">=16.8.0"
      }
    },
    "node_modules/@floating-ui/utils": {
      "version": "0.2.10",
      "resolved": "https://registry.npmjs.org/@floating-ui/utils/-/utils-0.2.10.tgz",
      "integrity": "sha512-aGTxbpbg8/b5JfU1HXSrbH3wXZuLPJcNEcZQFMxLs3oSzgtVu6nFPkbbGGUvBcUjKV2YyB9Wxxabo+HEH9tcRQ==",
      "license": "MIT"
    },
    "node_modules/@lexical/clipboard": {
      "version": "0.33.0",
      "resolved": "https://registry.npmjs.org/@lexical/clipboard/-/clipboard-0.33.0.tgz",
      "integrity": "sha512-nM3HE8ekF+dhFoXvOS5G8KZDi1BJARh+dMFZlLe7MX44rEkxcMMdgtY2qr8j9cUL8d4k1BVql9nEIfF/kLp7Gw==",
      "license": "MIT",
      "dependencies": {
        "@lexical/html": "0.33.0",
        "@lexical/list": "0.33.0",
        "@lexical/selection": "0.33.0",
        "@lexical/utils": "0.33.0",
        "lexical": "0.33.0"
      }
    },
    "node_modules/@lexical/code": {
      "version": "0.33.0",
      "resolved": "https://registry.npmjs.org/@lexical/code/-/code-0.33.0.tgz",
      "integrity": "sha512-lJDrPtOpZ2J4XoU/WwjABSutbiEN8FWq/nDSQp8eD7vOlTLS5ZlT3nJNojxwVAwcxZ4evg3OU32WrVq46CNUyQ==",
      "license": "MIT",
      "dependencies": {
        "@lexical/utils": "0.33.0",
        "lexical": "0.33.0",
        "prismjs": "^1.30.0"
      }
    },
    "node_modules/@lexical/devtools-core": {
      "version": "0.33.0",
      "resolved": "https://registry.npmjs.org/@lexical/devtools-core/-/devtools-core-0.33.0.tgz",
      "integrity": "sha512-PXyA4H+gb3pzEuowpzJnL/nCnxxcdYGfmL1Nd6w1K835Ow8C6G/lzFfnulb7cDnzPNB61V4L7a1Qa0jtY6Qdxg==",
      "license": "MIT",
      "dependencies": {
        "@lexical/html": "0.33.0",
        "@lexical/link": "0.33.0",
        "@lexical/mark": "0.33.0",
        "@lexical/table": "0.33.0",
        "@lexical/utils": "0.33.0",
        "lexical": "0.33.0"
      },
      "peerDependencies": {
        "react": ">=17.x",
        "react-dom": ">=17.x"
      }
    },
    "node_modules/@lexical/dragon": {
      "version": "0.33.0",
      "resolved": "https://registry.npmjs.org/@lexical/dragon/-/dragon-0.33.0.tgz",
      "integrity": "sha512-p2rE0QUhZ9uhusc1VQX15Vn0+vssZ1jwAuhGvGqFZjb9gGME1FCpfcdIFbKZg547X0/L5aQeFmHrWzAgcnBPeQ==",
      "license": "MIT",
      "dependencies": {
        "lexical": "0.33.0"
      }
    },
    "node_modules/@lexical/hashtag": {
      "version": "0.33.0",
      "resolved": "https://registry.npmjs.org/@lexical/hashtag/-/hashtag-0.33.0.tgz",
      "integrity": "sha512-cHgG5qeiqXdAP5aeues7B8AnCfqzYEbC5sUECEbbozfAg/imhH98cs+4sBjMRh8ong8aZe9BqO6HT6Akf44pxQ==",
      "license": "MIT",
      "dependencies": {
        "@lexical/utils": "0.33.0",
        "lexical": "0.33.0"
      }
    },
    "node_modules/@lexical/history": {
      "version": "0.33.0",
      "resolved": "https://registry.npmjs.org/@lexical/history/-/history-0.33.0.tgz",
      "integrity": "sha512-J1WV4P+9yVAGYIR7cgM5huhKKgVAkh/1YbcOozy+1DiIZAfciHdmVIl3mg9/zxRT1KYS0gJgwsG05IZXtKt29Q==",
      "license": "MIT",
      "dependencies": {
        "@lexical/utils": "0.33.0",
        "lexical": "0.33.0"
      }
    },
    "node_modules/@lexical/html": {
      "version": "0.33.0",
      "resolved": "https://registry.npmjs.org/@lexical/html/-/html-0.33.0.tgz",
      "integrity": "sha512-m5xWpxPKNOnlPLSEDHdxHUXJy/WqnQSkHsDD+xQqXN9HwqZY1CaAgnJCWWBwiCNgr1FKZmJOuZd2eS5q1wRtgQ==",
      "license": "MIT",
      "dependencies": {
        "@lexical/selection": "0.33.0",
        "@lexical/utils": "0.33.0",
        "lexical": "0.33.0"
      }
    },
    "node_modules/@lexical/link": {
      "version": "0.33.0",
      "resolved": "https://registry.npmjs.org/@lexical/link/-/link-0.33.0.tgz",
      "integrity": "sha512-bUz8Nx/bH1neAM0KBfSF2mFTGcHK28QRIwMryecLzDltQHzz6ex3QZSk//MwMV7Ba7MrMDTRCPFjyacGrZEMhg==",
      "license": "MIT",
      "dependencies": {
        "@lexical/utils": "0.33.0",
        "lexical": "0.33.0"
      }
    },
    "node_modules/@lexical/list": {
      "version": "0.33.0",
      "resolved": "https://registry.npmjs.org/@lexical/list/-/list-0.33.0.tgz",
      "integrity": "sha512-NB29jUhteIE7kGT8Nbb7IQYCa6zpYj10j/WbvlKQMG7k6aOcTCFOV2/r3q+TnuvhAshQj88g1wqMSvQt8DfsfA==",
      "license": "MIT",
      "dependencies": {
        "@lexical/selection": "0.33.0",
        "@lexical/utils": "0.33.0",
        "lexical": "0.33.0"
      }
    },
    "node_modules/@lexical/mark": {
      "version": "0.33.0",
      "resolved": "https://registry.npmjs.org/@lexical/mark/-/mark-0.33.0.tgz",
      "integrity": "sha512-ikwPicu/poXdrBwRiFYr9XYGqdT++HHkJXASxiWeOMQqESr1vvDCMIi3Jd3RrfQPuYMGYPARkaqp+OVjHFzRWg==",
      "license": "MIT",
      "dependencies": {
        "@lexical/utils": "0.33.0",
        "lexical": "0.33.0"
      }
    },
    "node_modules/@lexical/markdown": {
      "version": "0.33.0",
      "resolved": "https://registry.npmjs.org/@lexical/markdown/-/markdown-0.33.0.tgz",
      "integrity": "sha512-r9Zb3K0I6fwq7+vycL9PGsT6WGvvtKPPfgl9wy/Y6NxtdXMQn7xFGDkUc/rg53ljkvJErdtHLzFTb3rj6lVWsQ==",
      "license": "MIT",
      "dependencies": {
        "@lexical/code": "0.33.0",
        "@lexical/link": "0.33.0",
        "@lexical/list": "0.33.0",
        "@lexical/rich-text": "0.33.0",
        "@lexical/text": "0.33.0",
        "@lexical/utils": "0.33.0",
        "lexical": "0.33.0"
      }
    },
    "node_modules/@lexical/offset": {
      "version": "0.33.0",
      "resolved": "https://registry.npmjs.org/@lexical/offset/-/offset-0.33.0.tgz",
      "integrity": "sha512-gig36qLOU49a5jCl+1p9TLE0K5Ax8PQvRTJJNFbHYE5ynCBCS5UORRfYLSpHRUkOVg+H0yQwZUsPzaijXNWd/A==",
      "license": "MIT",
      "dependencies": {
        "lexical": "0.33.0"
      }
    },
    "node_modules/@lexical/overflow": {
      "version": "0.33.0",
      "resolved": "https://registry.npmjs.org/@lexical/overflow/-/overflow-0.33.0.tgz",
      "integrity": "sha512-7Rb1FuCHKQiCfQE8pQjHY6et5vl7+Y7yxWoqrCLGsJteWErMDRaH0tI4iRcIv5um6zMOLW5QSJl2muEn9JXeyA==",
      "license": "MIT",
      "dependencies": {
        "lexical": "0.33.0"
      }
    },
    "node_modules/@lexical/plain-text": {
      "version": "0.33.0",
      "resolved": "https://registry.npmjs.org/@lexical/plain-text/-/plain-text-0.33.0.tgz",
      "integrity": "sha512-INdAo9GLfnv5un5Bejt/xRNVKoFZGi8lajqVmovkM/oHOThU3CZMJ5uPYdw5psmzIqqcD0oTjorWN0NL9Z2zrQ==",
      "license": "MIT",
      "dependencies": {
        "@lexical/clipboard": "0.33.0",
        "@lexical/selection": "0.33.0",
        "@lexical/utils": "0.33.0",
        "lexical": "0.33.0"
      }
    },
    "node_modules/@lexical/react": {
      "version": "0.33.0",
      "resolved": "https://registry.npmjs.org/@lexical/react/-/react-0.33.0.tgz",
      "integrity": "sha512-vkGIOskQZYmk0W6yapBQKTcjX0+Qvx80ZfHpQANNm13Ne8O65cfGFdlHZtI3VS4s17TE3c+0hiFdwlHdFw59FA==",
      "license": "MIT",
      "dependencies": {
        "@floating-ui/react": "^0.27.8",
        "@lexical/devtools-core": "0.33.0",
        "@lexical/dragon": "0.33.0",
        "@lexical/hashtag": "0.33.0",
        "@lexical/history": "0.33.0",
        "@lexical/link": "0.33.0",
        "@lexical/list": "0.33.0",
        "@lexical/mark": "0.33.0",
        "@lexical/markdown": "0.33.0",
        "@lexical/overflow": "0.33.0",
        "@lexical/plain-text": "0.33.0",
        "@lexical/rich-text": "0.33.0",
        "@lexical/table": "0.33.0",
        "@lexical/text": "0.33.0",
        "@lexical/utils": "0.33.0",
        "@lexical/yjs": "0.33.0",
        "lexical": "0.33.0",
        "react-error-boundary": "^3.1.4"
      },
      "peerDependencies": {
        "react": ">=17.x",
        "react-dom": ">=17.x"
      }
    },
    "node_modules/@lexical/rich-text": {
      "version": "0.33.0",
      "resolved": "https://registry.npmjs.org/@lexical/rich-text/-/rich-text-0.33.0.tgz",
      "integrity": "sha512-cR8TfKtnczNDevae9pJgT+3uzGj8WyvxSTEgsyqR4RfCX/94gOrXTOHG02Rm076WNqjTctTKwjgqgJHfHjlKjQ==",
      "license": "MIT",
      "dependencies": {
        "@lexical/clipboard": "0.33.0",
        "@lexical/selection": "0.33.0",
        "@lexical/utils": "0.33.0",
        "lexical": "0.33.0"
      }
    },
    "node_modules/@lexical/selection": {
      "version": "0.33.0",
      "resolved": "https://registry.npmjs.org/@lexical/selection/-/selection-0.33.0.tgz",
      "integrity": "sha512-DffmfgnCrnf8OmoFG0d5g3jBn6AYNVA3Aoiyamri+aCX6wjL94D81LMNdnFFLICuHVb8AAmR/v7DA82aHRT8WA==",
      "license": "MIT",
      "dependencies": {
        "lexical": "0.33.0"
      }
    },
    "node_modules/@lexical/table": {
      "version": "0.33.0",
      "resolved": "https://registry.npmjs.org/@lexical/table/-/table-0.33.0.tgz",
      "integrity": "sha512-+tZ+nUvhMesIFgy2um7rISWg6l7hsAhShaIhj7ibN0ZfZlAdfy0ZRVmY05BwSBuwG1s9o3oX6CRp25HrNLgZhQ==",
      "license": "MIT",
      "dependencies": {
        "@lexical/clipboard": "0.33.0",
        "@lexical/utils": "0.33.0",
        "lexical": "0.33.0"
      }
    },
    "node_modules/@lexical/text": {
      "version": "0.33.0",
      "resolved": "https://registry.npmjs.org/@lexical/text/-/text-0.33.0.tgz",
      "integrity": "sha512-17utR5AompKZhnPKFM+dRXl4838DelSTa9nGdqup9tIQ7b88W7tXhNnE8CVcrn9EJhujh6Cf4Liip6wE0MAs0A==",
      "license": "MIT",
      "dependencies": {
        "lexical": "0.33.0"
      }
    },
    "node_modules/@lexical/utils": {
      "version": "0.33.0",
      "resolved": "https://registry.npmjs.org/@lexical/utils/-/utils-0.33.0.tgz",
      "integrity": "sha512-vqjRMjokCEK/UXNIITMaFb00Q15bxr65hvAZfaHPCVHV7CDZxOjwi2hqA/HuTZAknIlFuWzfucPla6pBY/cldw==",
      "license": "MIT",
      "dependencies": {
        "@lexical/list": "0.33.0",
        "@lexical/selection": "0.33.0",
        "@lexical/table": "0.33.0",
        "lexical": "0.33.0"
      }
    },
    "node_modules/@lexical/yjs": {
      "version": "0.33.0",
      "resolved": "https://registry.npmjs.org/@lexical/yjs/-/yjs-0.33.0.tgz",
      "integrity": "sha512-BkYv8b2n0i1qMEk5q3P91yt/GIQP9qxD1scr7M4IVH+9o/FR+kCfQJJKX1oe8Q22XYFvp0O0LzEyMzqG+G9SYw==",
      "license": "MIT",
      "dependencies": {
        "@lexical/offset": "0.33.0",
        "@lexical/selection": "0.33.0",
        "lexical": "0.33.0"
      },
      "peerDependencies": {
        "yjs": ">=13.5.22"
      }
    },
    "node_modules/@remix-run/router": {
      "version": "1.15.3",
      "resolved": "https://registry.npmjs.org/@remix-run/router/-/router-1.15.3.tgz",
      "integrity": "sha512-Oy8rmScVrVxWZVOpEF57ovlnhpZ8CCPlnIIumVcV9nFdiSIrus99+Lw78ekXyGvVDlIsFJbSfmSovJUhCWYV3w==",
      "license": "MIT",
      "engines": {
        "node": ">=14.0.0"
      }
    },
    "node_modules/isomorphic.js": {
      "version": "0.2.5",
      "resolved": "https://registry.npmjs.org/isomorphic.js/-/isomorphic.js-0.2.5.tgz",
      "integrity": "sha512-PIeMbHqMt4DnUP3MA/Flc0HElYjMXArsw1qwJZcm9sqR8mq3l8NYizFMty0pWwE/tzIGH3EKK5+jes5mAr85yw==",
      "license": "MIT",
      "peer": true,
      "funding": {
        "type": "GitHub Sponsors ❤",
        "url": "https://github.com/sponsors/dmonad"
      }
    },
    "node_modules/lexical": {
      "version": "0.33.0",
      "resolved": "https://registry.npmjs.org/lexical/-/lexical-0.33.0.tgz",
      "integrity": "sha512-kH8EvPi0Ptgu+PGKeZKfZKXMpImkdVHXKoVFcseb0R/4Jkc/DzmR2VN1Z8n9UHQqxdgC9e0tSrN8iKWHZOtDKw==",
      "license": "MIT"
    },
    "node_modules/lib0": {
      "version": "0.2.109",
      "resolved": "https://registry.npmjs.org/lib0/-/lib0-0.2.109.tgz",
      "integrity": "sha512-jP0gbnyW0kwlx1Atc4dcHkBbrVAkdHjuyHxtClUPYla7qCmwIif1qZ6vQeJdR5FrOVdn26HvQT0ko01rgW7/Xw==",
      "license": "MIT",
      "peer": true,
      "dependencies": {
        "isomorphic.js": "^0.2.4"
      },
      "bin": {
        "0ecdsa-generate-keypair": "bin/0ecdsa-generate-keypair.js",
        "0gentesthtml": "bin/gentesthtml.js",
        "0serve": "bin/0serve.js"
      },
      "engines": {
        "node": ">=16"
      },
      "funding": {
        "type": "GitHub Sponsors ❤",
        "url": "https://github.com/sponsors/dmonad"
      }
    },
    "node_modules/prismjs": {
      "version": "1.30.0",
      "resolved": "https://registry.npmjs.org/prismjs/-/prismjs-1.30.0.tgz",
      "integrity": "sha512-DEvV2ZF2r2/63V+tK8hQvrR2ZGn10srHbXviTlcv7Kpzw8jWiNTqbVgjO3IY8RxrrOUF8VPMQQFysYYYv0YZxw==",
      "license": "MIT",
      "engines": {
        "node": ">=6"
      }
    },
    "node_modules/react": {
      "version": "19.1.0",
      "resolved": "https://registry.npmjs.org/react/-/react-19.1.0.tgz",
      "integrity": "sha512-FS+XFBNvn3GTAWq26joslQgWNoFu08F4kl0J4CgdNKADkdSGXQyTCnKteIAJy96Br6YbpEU1LSzV5dYtjMkMDg==",
      "license": "MIT",
      "peer": true,
      "engines": {
        "node": ">=0.10.0"
      }
    },
    "node_modules/react-dom": {
      "version": "19.1.0",
      "resolved": "https://registry.npmjs.org/react-dom/-/react-dom-19.1.0.tgz",
      "integrity": "sha512-Xs1hdnE+DyKgeHJeJznQmYMIBG3TKIHJJT95Q58nHLSrElKlGQqDTR2HQ9fx5CN/Gk6Vh/kupBTDLU11/nDk/g==",
      "license": "MIT",
      "peer": true,
      "dependencies": {
        "scheduler": "^0.26.0"
      },
      "peerDependencies": {
        "react": "^19.1.0"
      }
    },
    "node_modules/react-error-boundary": {
      "version": "3.1.4",
      "resolved": "https://registry.npmjs.org/react-error-boundary/-/react-error-boundary-3.1.4.tgz",
      "integrity": "sha512-uM9uPzZJTF6wRQORmSrvOIgt4lJ9MC1sNgEOj2XGsDTRE4kmpWxg7ENK9EWNKJRMAOY9z0MuF4yIfl6gp4sotA==",
      "license": "MIT",
      "dependencies": {
        "@babel/runtime": "^7.12.5"
      },
      "engines": {
        "node": ">=10",
        "npm": ">=6"
      },
      "peerDependencies": {
        "react": ">=16.13.1"
      }
    },
    "node_modules/react-router": {
      "version": "6.22.3",
      "resolved": "https://registry.npmjs.org/react-router/-/react-router-6.22.3.tgz",
      "integrity": "sha512-dr2eb3Mj5zK2YISHK++foM9w4eBnO23eKnZEDs7c880P6oKbrjz/Svg9+nxqtHQK+oMW4OtjZca0RqPglXxguQ==",
      "license": "MIT",
      "dependencies": {
        "@remix-run/router": "1.15.3"
      },
      "engines": {
        "node": ">=14.0.0"
      },
      "peerDependencies": {
        "react": ">=16.8"
      }
    },
    "node_modules/react-router-dom": {
      "version": "6.22.3",
      "resolved": "https://registry.npmjs.org/react-router-dom/-/react-router-dom-6.22.3.tgz",
      "integrity": "sha512-7ZILI7HjcE+p31oQvwbokjk6OA/bnFxrhJ19n82Ex9Ph8fNAq+Hm/7KchpMGlTgWhUxRHMMCut+vEtNpWpowKw==",
      "license": "MIT",
      "dependencies": {
        "@remix-run/router": "1.15.3",
        "react-router": "6.22.3"
      },
      "engines": {
        "node": ">=14.0.0"
      },
      "peerDependencies": {
        "react": ">=16.8",
        "react-dom": ">=16.8"
      }
    },
    "node_modules/scheduler": {
      "version": "0.26.0",
      "resolved": "https://registry.npmjs.org/scheduler/-/scheduler-0.26.0.tgz",
      "integrity": "sha512-NlHwttCI/l5gCPR3D1nNXtWABUmBwvZpEQiD4IXSbIDq8BzLIK/7Ir5gTFSGZDUu37K5cMNp0hFtzO38sC7gWA==",
      "license": "MIT",
      "peer": true
    },
    "node_modules/tabbable": {
      "version": "6.2.0",
      "resolved": "https://registry.npmjs.org/tabbable/-/tabbable-6.2.0.tgz",
      "integrity": "sha512-Cat63mxsVJlzYvN51JmVXIgNoUokrIaT2zLclCXjRd8boZ0004U4KCs/sToJ75C6sdlByWxpYnb5Boif1VSFew==",
      "license": "MIT"
    },
    "node_modules/yjs": {
      "version": "13.6.27",
      "resolved": "https://registry.npmjs.org/yjs/-/yjs-13.6.27.tgz",
      "integrity": "sha512-OIDwaflOaq4wC6YlPBy2L6ceKeKuF7DeTxx+jPzv1FHn9tCZ0ZwSRnUBxD05E3yed46fv/FWJbvR+Ud7x0L7zw==",
      "license": "MIT",
      "peer": true,
      "dependencies": {
        "lib0": "^0.2.99"
      },
      "engines": {
        "node": ">=16.0.0",
        "npm": ">=8.0.0"
      },
      "funding": {
        "type": "GitHub Sponsors ❤",
        "url": "https://github.com/sponsors/dmonad"
      }
    }
  }
}
